
Microsoft Visual Studio Solution File, Format Version 12.00
# Visual Studio Version 16
VisualStudioVersion = 16.0.32413.511
MinimumVisualStudioVersion = 10.0.40219.1
Project("{FAE04EC0-301F-11D3-BF4B-00C04F79EFBC}") = "Telegram_KrotoBot", "Telegram_KrotoBot\Telegram_KrotoBot.csproj", "{503BE84B-BBE5-49DA-98F8-5FDD80B51096}"
EndProject
Global
	GlobalSection(SolutionConfigurationPlatforms) = preSolution
		Debug|Any CPU = Debug|Any CPU
		Release|Any CPU = Release|Any CPU
	EndGlobalSection
	GlobalSection(ProjectConfigurationPlatforms) = postSolution
		{503BE84B-BBE5-49DA-98F8-5FDD80B51096}.Debug|Any CPU.ActiveCfg = Debug|Any CPU
		{503BE84B-BBE5-49DA-98F8-5FDD80B51096}.Debug|Any CPU.Build.0 = Debug|Any CPU
		{503BE84B-BBE5-49DA-98F8-5FDD80B51096}.Release|Any CPU.ActiveCfg = Release|Any CPU
		{503BE84B-BBE5-49DA-98F8-5FDD80B51096}.Release|Any CPU.Build.0 = Release|Any CPU
	EndGlobalSection
	GlobalSection(SolutionProperties) = preSolution
		HideSolutionNode = FALSE
	EndGlobalSection
	GlobalSection(ExtensibilityGlobals) = postSolution
		SolutionGuid = {88C09757-D55A-40E5-A461-1BEB71B7112C}
	EndGlobalSection
EndGlobal
